// !$*UTF8*$!
{
	archiveVersion = 1;
	classes = {
	};
	objectVersion = 56;
	objects = {

/* Begin PBXBuildFile section */
		C1052E3C2B5B800500B27620 /* JobApplicationsListView.swift in Sources */ = {isa = PBXBuildFile; fileRef = C1052E3B2B5B800500B27620 /* JobApplicationsListView.swift */; };
		C1052E412B5B945C00B27620 /* DataContainer.swift in Sources */ = {isa = PBXBuildFile; fileRef = C1052E402B5B945C00B27620 /* DataContainer.swift */; };
		C10655312B5BCFAC008C2A86 /* GJUserSessionController.swift in Sources */ = {isa = PBXBuildFile; fileRef = C10655302B5BCFAC008C2A86 /* GJUserSessionController.swift */; };
		C1155DBB2B601B3C00963004 /* GJTestRepository.swift in Sources */ = {isa = PBXBuildFile; fileRef = C1155DBA2B601B3C00963004 /* GJTestRepository.swift */; };
		C133F0D42B5A4BB300AF574C /* CDUser+Extensions.swift in Sources */ = {isa = PBXBuildFile; fileRef = C133F0D32B5A4BB300AF574C /* CDUser+Extensions.swift */; };
		C133F0D62B5A4D2B00AF574C /* CDJobApplication+Extensions.swift in Sources */ = {isa = PBXBuildFile; fileRef = C133F0D52B5A4D2B00AF574C /* CDJobApplication+Extensions.swift */; };
		C133F0D82B5A501600AF574C /* CDTestRecord+Extensions.swift in Sources */ = {isa = PBXBuildFile; fileRef = C133F0D72B5A501600AF574C /* CDTestRecord+Extensions.swift */; };
		C133F0DC2B5A6B8A00AF574C /* GJJobApplication.swift in Sources */ = {isa = PBXBuildFile; fileRef = C133F0DB2B5A6B8A00AF574C /* GJJobApplication.swift */; };
		C13D9C662B60C79B00A8132A /* GJNavigationModel.swift in Sources */ = {isa = PBXBuildFile; fileRef = C13D9C642B60C79B00A8132A /* GJNavigationModel.swift */; };
		C13D9C672B60C79B00A8132A /* GJUser.swift in Sources */ = {isa = PBXBuildFile; fileRef = C13D9C652B60C79B00A8132A /* GJUser.swift */; };
		C16116C62B5D841C003501A4 /* JobApplicationDetailView.swift in Sources */ = {isa = PBXBuildFile; fileRef = C16116C52B5D841C003501A4 /* JobApplicationDetailView.swift */; };
		C167658E2B5F7B420062ACCC /* GJRepository.swift in Sources */ = {isa = PBXBuildFile; fileRef = C167658D2B5F7B420062ACCC /* GJRepository.swift */; };
		C16765932B5F95980062ACCC /* GJUserRepository.swift in Sources */ = {isa = PBXBuildFile; fileRef = C16765922B5F95980062ACCC /* GJUserRepository.swift */; };
		C16765982B5FC0BF0062ACCC /* GoodJobUserTests.swift in Sources */ = {isa = PBXBuildFile; fileRef = C16765972B5FC0BF0062ACCC /* GoodJobUserTests.swift */; };
		C167659A2B5FD5150062ACCC /* GJJobPostingRepository.swift in Sources */ = {isa = PBXBuildFile; fileRef = C16765992B5FD5150062ACCC /* GJJobPostingRepository.swift */; };
		C167659E2B6002C10062ACCC /* GoodJobPostingTests.swift in Sources */ = {isa = PBXBuildFile; fileRef = C167659D2B6002C10062ACCC /* GoodJobPostingTests.swift */; };
		C1704EA12B57EBCD00146201 /* CDCompany+Extensions.swift in Sources */ = {isa = PBXBuildFile; fileRef = C1704EA02B57EBCD00146201 /* CDCompany+Extensions.swift */; };
		C1704EA32B57EF9000146201 /* CDJobPosting+Extensions.swift in Sources */ = {isa = PBXBuildFile; fileRef = C1704EA22B57EF9000146201 /* CDJobPosting+Extensions.swift */; };
		C17498B42B56A9070079927F /* JobPostingsListView.swift in Sources */ = {isa = PBXBuildFile; fileRef = C1A68C482B55419000CE92D4 /* JobPostingsListView.swift */; };
		C17498B52B56A9200079927F /* GoodJob.xcdatamodeld in Sources */ = {isa = PBXBuildFile; fileRef = C1F999B12B55068E00259FB5 /* GoodJob.xcdatamodeld */; };
		C17C94D32B60CA130009E064 /* GJJobPostingViewModel.swift in Sources */ = {isa = PBXBuildFile; fileRef = C17C94D22B60CA130009E064 /* GJJobPostingViewModel.swift */; };
		C17C94D62B60D36D0009E064 /* GJNewJobPostingViewModel.swift in Sources */ = {isa = PBXBuildFile; fileRef = C17C94D52B60D36D0009E064 /* GJNewJobPostingViewModel.swift */; };
		C17C94DD2B60EEED0009E064 /* GJDataObserver.swift in Sources */ = {isa = PBXBuildFile; fileRef = C17C94DC2B60EEED0009E064 /* GJDataObserver.swift */; };
		C17C94DF2B60EFDD0009E064 /* GJJobPositngDataObserver.swift in Sources */ = {isa = PBXBuildFile; fileRef = C17C94DE2B60EFDD0009E064 /* GJJobPositngDataObserver.swift */; };
		C17EB5852B58EB9800DA9C34 /* CDTest+Extensions.swift in Sources */ = {isa = PBXBuildFile; fileRef = C17EB5842B58EB9800DA9C34 /* CDTest+Extensions.swift */; };
		C17EB5872B58F4FF00DA9C34 /* CDJobPosition+Extensions.swift in Sources */ = {isa = PBXBuildFile; fileRef = C17EB5862B58F4FF00DA9C34 /* CDJobPosition+Extensions.swift */; };
		C18037E12B5BA2F0000FFC97 /* DataCreationContainer.swift in Sources */ = {isa = PBXBuildFile; fileRef = C18037E02B5BA2F0000FFC97 /* DataCreationContainer.swift */; };
		C18037E32B5BA565000FFC97 /* NewJobApplicaitonView.swift in Sources */ = {isa = PBXBuildFile; fileRef = C18037E22B5BA565000FFC97 /* NewJobApplicaitonView.swift */; };
		C18037E52B5BABD4000FFC97 /* GJJobApplicationControlller.swift in Sources */ = {isa = PBXBuildFile; fileRef = C18037E42B5BABD4000FFC97 /* GJJobApplicationControlller.swift */; };
		C19BC5302B57A4F3004E78F6 /* GJAppController.swift in Sources */ = {isa = PBXBuildFile; fileRef = C19BC52F2B57A4F3004E78F6 /* GJAppController.swift */; };
		C19BC5322B57A67D004E78F6 /* GJJobPosting.swift in Sources */ = {isa = PBXBuildFile; fileRef = C19BC5312B57A67D004E78F6 /* GJJobPosting.swift */; };
		C19BC5352B57BA32004E78F6 /* GJJobPostingControlller.swift in Sources */ = {isa = PBXBuildFile; fileRef = C19BC5342B57BA32004E78F6 /* GJJobPostingControlller.swift */; };
		C1CFB6372B5945C800515DEA /* GJTest.swift in Sources */ = {isa = PBXBuildFile; fileRef = C1CFB6362B5945C800515DEA /* GJTest.swift */; };
		C1CFB6392B598B6400515DEA /* JobPostingDetailView.swift in Sources */ = {isa = PBXBuildFile; fileRef = C1CFB6382B598B6400515DEA /* JobPostingDetailView.swift */; };
		C1DFAEE32B5E29ED007CACA7 /* MainTabView.swift in Sources */ = {isa = PBXBuildFile; fileRef = C1DFAEE22B5E29ED007CACA7 /* MainTabView.swift */; };
		C1DFAEE62B5E4DBC007CACA7 /* GJTestRecord.swift in Sources */ = {isa = PBXBuildFile; fileRef = C1DFAEE52B5E4DBC007CACA7 /* GJTestRecord.swift */; };
		C1DFAEE82B5E4EB5007CACA7 /* TestRecordView.swift in Sources */ = {isa = PBXBuildFile; fileRef = C1DFAEE72B5E4EB5007CACA7 /* TestRecordView.swift */; };
		C1E8692C2B555B0900FDD6DA /* NewJobPostingView.swift in Sources */ = {isa = PBXBuildFile; fileRef = C1E8692B2B555B0900FDD6DA /* NewJobPostingView.swift */; };
		C1E8692E2B558DE800FDD6DA /* SummaryView.swift in Sources */ = {isa = PBXBuildFile; fileRef = C1E8692D2B558DE800FDD6DA /* SummaryView.swift */; };
		C1F999AE2B55068E00259FB5 /* GoodJobApp.swift in Sources */ = {isa = PBXBuildFile; fileRef = C1F999AD2B55068E00259FB5 /* GoodJobApp.swift */; };
		C1F999B02B55068E00259FB5 /* Persistence.swift in Sources */ = {isa = PBXBuildFile; fileRef = C1F999AF2B55068E00259FB5 /* Persistence.swift */; };
		C1F999B72B55069000259FB5 /* Assets.xcassets in Resources */ = {isa = PBXBuildFile; fileRef = C1F999B62B55069000259FB5 /* Assets.xcassets */; };
		C1F999BB2B55069000259FB5 /* Preview Assets.xcassets in Resources */ = {isa = PBXBuildFile; fileRef = C1F999BA2B55069000259FB5 /* Preview Assets.xcassets */; };
		C1F999C52B55069000259FB5 /* GoodJobTests.swift in Sources */ = {isa = PBXBuildFile; fileRef = C1F999C42B55069000259FB5 /* GoodJobTests.swift */; };
		C1F999CF2B55069000259FB5 /* GoodJobUITests.swift in Sources */ = {isa = PBXBuildFile; fileRef = C1F999CE2B55069000259FB5 /* GoodJobUITests.swift */; };
		C1F999D12B55069000259FB5 /* GoodJobUITestsLaunchTests.swift in Sources */ = {isa = PBXBuildFile; fileRef = C1F999D02B55069000259FB5 /* GoodJobUITestsLaunchTests.swift */; };
		C1F999DE2B55202300259FB5 /* GJAppCategory.swift in Sources */ = {isa = PBXBuildFile; fileRef = C1F999DD2B55202300259FB5 /* GJAppCategory.swift */; };
/* End PBXBuildFile section */

/* Begin PBXContainerItemProxy section */
		C1F999C12B55069000259FB5 /* PBXContainerItemProxy */ = {
			isa = PBXContainerItemProxy;
			containerPortal = C1F999A22B55068E00259FB5 /* Project object */;
			proxyType = 1;
			remoteGlobalIDString = C1F999A92B55068E00259FB5;
			remoteInfo = GoodJob;
		};
		C1F999CB2B55069000259FB5 /* PBXContainerItemProxy */ = {
			isa = PBXContainerItemProxy;
			containerPortal = C1F999A22B55068E00259FB5 /* Project object */;
			proxyType = 1;
			remoteGlobalIDString = C1F999A92B55068E00259FB5;
			remoteInfo = GoodJob;
		};
/* End PBXContainerItemProxy section */

/* Begin PBXFileReference section */
		C1052E3B2B5B800500B27620 /* JobApplicationsListView.swift */ = {isa = PBXFileReference; lastKnownFileType = sourcecode.swift; path = JobApplicationsListView.swift; sourceTree = "<group>"; };
		C1052E402B5B945C00B27620 /* DataContainer.swift */ = {isa = PBXFileReference; lastKnownFileType = sourcecode.swift; path = DataContainer.swift; sourceTree = "<group>"; };
		C10655302B5BCFAC008C2A86 /* GJUserSessionController.swift */ = {isa = PBXFileReference; lastKnownFileType = sourcecode.swift; path = GJUserSessionController.swift; sourceTree = "<group>"; };
		C1155DBA2B601B3C00963004 /* GJTestRepository.swift */ = {isa = PBXFileReference; lastKnownFileType = sourcecode.swift; path = GJTestRepository.swift; sourceTree = "<group>"; };
		C133F0D32B5A4BB300AF574C /* CDUser+Extensions.swift */ = {isa = PBXFileReference; lastKnownFileType = sourcecode.swift; path = "CDUser+Extensions.swift"; sourceTree = "<group>"; };
		C133F0D52B5A4D2B00AF574C /* CDJobApplication+Extensions.swift */ = {isa = PBXFileReference; lastKnownFileType = sourcecode.swift; path = "CDJobApplication+Extensions.swift"; sourceTree = "<group>"; };
		C133F0D72B5A501600AF574C /* CDTestRecord+Extensions.swift */ = {isa = PBXFileReference; lastKnownFileType = sourcecode.swift; path = "CDTestRecord+Extensions.swift"; sourceTree = "<group>"; };
		C133F0DB2B5A6B8A00AF574C /* GJJobApplication.swift */ = {isa = PBXFileReference; lastKnownFileType = sourcecode.swift; path = GJJobApplication.swift; sourceTree = "<group>"; };
		C13D9C642B60C79B00A8132A /* GJNavigationModel.swift */ = {isa = PBXFileReference; fileEncoding = 4; lastKnownFileType = sourcecode.swift; path = GJNavigationModel.swift; sourceTree = "<group>"; };
		C13D9C652B60C79B00A8132A /* GJUser.swift */ = {isa = PBXFileReference; fileEncoding = 4; lastKnownFileType = sourcecode.swift; path = GJUser.swift; sourceTree = "<group>"; };
		C16116C52B5D841C003501A4 /* JobApplicationDetailView.swift */ = {isa = PBXFileReference; fileEncoding = 4; lastKnownFileType = sourcecode.swift; path = JobApplicationDetailView.swift; sourceTree = "<group>"; };
		C167658D2B5F7B420062ACCC /* GJRepository.swift */ = {isa = PBXFileReference; lastKnownFileType = sourcecode.swift; path = GJRepository.swift; sourceTree = "<group>"; };
		C16765922B5F95980062ACCC /* GJUserRepository.swift */ = {isa = PBXFileReference; lastKnownFileType = sourcecode.swift; path = GJUserRepository.swift; sourceTree = "<group>"; };
		C16765972B5FC0BF0062ACCC /* GoodJobUserTests.swift */ = {isa = PBXFileReference; lastKnownFileType = sourcecode.swift; path = GoodJobUserTests.swift; sourceTree = "<group>"; };
		C16765992B5FD5150062ACCC /* GJJobPostingRepository.swift */ = {isa = PBXFileReference; lastKnownFileType = sourcecode.swift; path = GJJobPostingRepository.swift; sourceTree = "<group>"; };
		C167659D2B6002C10062ACCC /* GoodJobPostingTests.swift */ = {isa = PBXFileReference; lastKnownFileType = sourcecode.swift; path = GoodJobPostingTests.swift; sourceTree = "<group>"; };
		C1704EA02B57EBCD00146201 /* CDCompany+Extensions.swift */ = {isa = PBXFileReference; lastKnownFileType = sourcecode.swift; path = "CDCompany+Extensions.swift"; sourceTree = "<group>"; };
		C1704EA22B57EF9000146201 /* CDJobPosting+Extensions.swift */ = {isa = PBXFileReference; lastKnownFileType = sourcecode.swift; path = "CDJobPosting+Extensions.swift"; sourceTree = "<group>"; };
		C17C94D22B60CA130009E064 /* GJJobPostingViewModel.swift */ = {isa = PBXFileReference; lastKnownFileType = sourcecode.swift; path = GJJobPostingViewModel.swift; sourceTree = "<group>"; };
		C17C94D52B60D36D0009E064 /* GJNewJobPostingViewModel.swift */ = {isa = PBXFileReference; lastKnownFileType = sourcecode.swift; path = GJNewJobPostingViewModel.swift; sourceTree = "<group>"; };
		C17C94DC2B60EEED0009E064 /* GJDataObserver.swift */ = {isa = PBXFileReference; lastKnownFileType = sourcecode.swift; path = GJDataObserver.swift; sourceTree = "<group>"; };
		C17C94DE2B60EFDD0009E064 /* GJJobPositngDataObserver.swift */ = {isa = PBXFileReference; lastKnownFileType = sourcecode.swift; path = GJJobPositngDataObserver.swift; sourceTree = "<group>"; };
		C17EB5842B58EB9800DA9C34 /* CDTest+Extensions.swift */ = {isa = PBXFileReference; lastKnownFileType = sourcecode.swift; path = "CDTest+Extensions.swift"; sourceTree = "<group>"; };
		C17EB5862B58F4FF00DA9C34 /* CDJobPosition+Extensions.swift */ = {isa = PBXFileReference; lastKnownFileType = sourcecode.swift; path = "CDJobPosition+Extensions.swift"; sourceTree = "<group>"; };
		C18037E02B5BA2F0000FFC97 /* DataCreationContainer.swift */ = {isa = PBXFileReference; lastKnownFileType = sourcecode.swift; name = DataCreationContainer.swift; path = GoodJob/Presentation/Views/Template/DataCreationContainer.swift; sourceTree = SOURCE_ROOT; };
		C18037E22B5BA565000FFC97 /* NewJobApplicaitonView.swift */ = {isa = PBXFileReference; lastKnownFileType = sourcecode.swift; path = NewJobApplicaitonView.swift; sourceTree = "<group>"; };
		C18037E42B5BABD4000FFC97 /* GJJobApplicationControlller.swift */ = {isa = PBXFileReference; lastKnownFileType = sourcecode.swift; path = GJJobApplicationControlller.swift; sourceTree = "<group>"; };
		C19BC52F2B57A4F3004E78F6 /* GJAppController.swift */ = {isa = PBXFileReference; lastKnownFileType = sourcecode.swift; path = GJAppController.swift; sourceTree = "<group>"; };
		C19BC5312B57A67D004E78F6 /* GJJobPosting.swift */ = {isa = PBXFileReference; lastKnownFileType = sourcecode.swift; path = GJJobPosting.swift; sourceTree = "<group>"; };
		C19BC5342B57BA32004E78F6 /* GJJobPostingControlller.swift */ = {isa = PBXFileReference; lastKnownFileType = sourcecode.swift; path = GJJobPostingControlller.swift; sourceTree = "<group>"; };
		C1A68C482B55419000CE92D4 /* JobPostingsListView.swift */ = {isa = PBXFileReference; lastKnownFileType = sourcecode.swift; path = JobPostingsListView.swift; sourceTree = "<group>"; };
		C1CFB6362B5945C800515DEA /* GJTest.swift */ = {isa = PBXFileReference; lastKnownFileType = sourcecode.swift; path = GJTest.swift; sourceTree = "<group>"; };
		C1CFB6382B598B6400515DEA /* JobPostingDetailView.swift */ = {isa = PBXFileReference; lastKnownFileType = sourcecode.swift; path = JobPostingDetailView.swift; sourceTree = "<group>"; };
		C1DFAEE22B5E29ED007CACA7 /* MainTabView.swift */ = {isa = PBXFileReference; lastKnownFileType = sourcecode.swift; path = MainTabView.swift; sourceTree = "<group>"; };
		C1DFAEE52B5E4DBC007CACA7 /* GJTestRecord.swift */ = {isa = PBXFileReference; lastKnownFileType = sourcecode.swift; path = GJTestRecord.swift; sourceTree = "<group>"; };
		C1DFAEE72B5E4EB5007CACA7 /* TestRecordView.swift */ = {isa = PBXFileReference; lastKnownFileType = sourcecode.swift; path = TestRecordView.swift; sourceTree = "<group>"; };
		C1E8692B2B555B0900FDD6DA /* NewJobPostingView.swift */ = {isa = PBXFileReference; lastKnownFileType = sourcecode.swift; path = NewJobPostingView.swift; sourceTree = "<group>"; };
		C1E8692D2B558DE800FDD6DA /* SummaryView.swift */ = {isa = PBXFileReference; lastKnownFileType = sourcecode.swift; path = SummaryView.swift; sourceTree = "<group>"; };
		C1F999AA2B55068E00259FB5 /* GoodJob.app */ = {isa = PBXFileReference; explicitFileType = wrapper.application; includeInIndex = 0; path = GoodJob.app; sourceTree = BUILT_PRODUCTS_DIR; };
		C1F999AD2B55068E00259FB5 /* GoodJobApp.swift */ = {isa = PBXFileReference; lastKnownFileType = sourcecode.swift; path = GoodJobApp.swift; sourceTree = "<group>"; };
		C1F999AF2B55068E00259FB5 /* Persistence.swift */ = {isa = PBXFileReference; lastKnownFileType = sourcecode.swift; path = Persistence.swift; sourceTree = "<group>"; };
		C1F999B22B55068E00259FB5 /* GoodJob.xcdatamodel */ = {isa = PBXFileReference; lastKnownFileType = wrapper.xcdatamodel; path = GoodJob.xcdatamodel; sourceTree = "<group>"; };
		C1F999B62B55069000259FB5 /* Assets.xcassets */ = {isa = PBXFileReference; lastKnownFileType = folder.assetcatalog; path = Assets.xcassets; sourceTree = "<group>"; };
		C1F999B82B55069000259FB5 /* GoodJob.entitlements */ = {isa = PBXFileReference; lastKnownFileType = text.plist.entitlements; path = GoodJob.entitlements; sourceTree = "<group>"; };
		C1F999BA2B55069000259FB5 /* Preview Assets.xcassets */ = {isa = PBXFileReference; lastKnownFileType = folder.assetcatalog; path = "Preview Assets.xcassets"; sourceTree = "<group>"; };
		C1F999C02B55069000259FB5 /* GoodJobTests.xctest */ = {isa = PBXFileReference; explicitFileType = wrapper.cfbundle; includeInIndex = 0; path = GoodJobTests.xctest; sourceTree = BUILT_PRODUCTS_DIR; };
		C1F999C42B55069000259FB5 /* GoodJobTests.swift */ = {isa = PBXFileReference; lastKnownFileType = sourcecode.swift; path = GoodJobTests.swift; sourceTree = "<group>"; };
		C1F999CA2B55069000259FB5 /* GoodJobUITests.xctest */ = {isa = PBXFileReference; explicitFileType = wrapper.cfbundle; includeInIndex = 0; path = GoodJobUITests.xctest; sourceTree = BUILT_PRODUCTS_DIR; };
		C1F999CE2B55069000259FB5 /* GoodJobUITests.swift */ = {isa = PBXFileReference; lastKnownFileType = sourcecode.swift; path = GoodJobUITests.swift; sourceTree = "<group>"; };
		C1F999D02B55069000259FB5 /* GoodJobUITestsLaunchTests.swift */ = {isa = PBXFileReference; lastKnownFileType = sourcecode.swift; path = GoodJobUITestsLaunchTests.swift; sourceTree = "<group>"; };
		C1F999DD2B55202300259FB5 /* GJAppCategory.swift */ = {isa = PBXFileReference; lastKnownFileType = sourcecode.swift; path = GJAppCategory.swift; sourceTree = "<group>"; };
/* End PBXFileReference section */

/* Begin PBXFrameworksBuildPhase section */
		C1F999A72B55068E00259FB5 /* Frameworks */ = {
			isa = PBXFrameworksBuildPhase;
			buildActionMask = 2147483647;
			files = (
			);
			runOnlyForDeploymentPostprocessing = 0;
		};
		C1F999BD2B55069000259FB5 /* Frameworks */ = {
			isa = PBXFrameworksBuildPhase;
			buildActionMask = 2147483647;
			files = (
			);
			runOnlyForDeploymentPostprocessing = 0;
		};
		C1F999C72B55069000259FB5 /* Frameworks */ = {
			isa = PBXFrameworksBuildPhase;
			buildActionMask = 2147483647;
			files = (
			);
			runOnlyForDeploymentPostprocessing = 0;
		};
/* End PBXFrameworksBuildPhase section */

/* Begin PBXGroup section */
		C1052E3D2B5B89D100B27620 /* JobApplication */ = {
			isa = PBXGroup;
			children = (
				C1052E3B2B5B800500B27620 /* JobApplicationsListView.swift */,
				C18037E22B5BA565000FFC97 /* NewJobApplicaitonView.swift */,
				C16116C52B5D841C003501A4 /* JobApplicationDetailView.swift */,
				C1DFAEE92B5E4EBB007CACA7 /* TestRecord */,
			);
			path = JobApplication;
			sourceTree = "<group>";
		};
		C1052E422B5B946300B27620 /* Template */ = {
			isa = PBXGroup;
			children = (
				C1052E402B5B945C00B27620 /* DataContainer.swift */,
				C18037E02B5BA2F0000FFC97 /* DataCreationContainer.swift */,
			);
			path = Template;
			sourceTree = "<group>";
		};
		C13D9C632B60C70300A8132A /* Models */ = {
			isa = PBXGroup;
			children = (
				C1F999DD2B55202300259FB5 /* GJAppCategory.swift */,
				C13D9C642B60C79B00A8132A /* GJNavigationModel.swift */,
				C17C94D42B60D3550009E064 /* JobPosting */,
			);
			path = Models;
			sourceTree = "<group>";
		};
		C1414DE52B56673900EA180F /* Model controllers */ = {
			isa = PBXGroup;
			children = (
				C1F999AF2B55068E00259FB5 /* Persistence.swift */,
			);
			path = "Model controllers";
			sourceTree = "<group>";
		};
		C1414DE62B5667FE00EA180F /* JobPosting */ = {
			isa = PBXGroup;
			children = (
				C1A68C482B55419000CE92D4 /* JobPostingsListView.swift */,
				C1E8692B2B555B0900FDD6DA /* NewJobPostingView.swift */,
				C1CFB6382B598B6400515DEA /* JobPostingDetailView.swift */,
			);
			path = JobPosting;
			sourceTree = "<group>";
		};
		C1414DEA2B56696C00EA180F /* Usecase */ = {
			isa = PBXGroup;
			children = (
				C19BC52F2B57A4F3004E78F6 /* GJAppController.swift */,
				C10655302B5BCFAC008C2A86 /* GJUserSessionController.swift */,
				C19BC5342B57BA32004E78F6 /* GJJobPostingControlller.swift */,
				C18037E42B5BABD4000FFC97 /* GJJobApplicationControlller.swift */,
			);
			path = Usecase;
			sourceTree = "<group>";
		};
		C16765962B5FADF50062ACCC /* Repositories */ = {
			isa = PBXGroup;
			children = (
				C167658D2B5F7B420062ACCC /* GJRepository.swift */,
				C16765922B5F95980062ACCC /* GJUserRepository.swift */,
				C16765992B5FD5150062ACCC /* GJJobPostingRepository.swift */,
				C1155DBA2B601B3C00963004 /* GJTestRepository.swift */,
			);
			path = Repositories;
			sourceTree = "<group>";
		};
		C1704EA42B57F34500146201 /* Model extensions */ = {
			isa = PBXGroup;
			children = (
				C1704EA02B57EBCD00146201 /* CDCompany+Extensions.swift */,
				C1704EA22B57EF9000146201 /* CDJobPosting+Extensions.swift */,
				C17EB5862B58F4FF00DA9C34 /* CDJobPosition+Extensions.swift */,
				C17EB5842B58EB9800DA9C34 /* CDTest+Extensions.swift */,
				C133F0D32B5A4BB300AF574C /* CDUser+Extensions.swift */,
				C133F0D52B5A4D2B00AF574C /* CDJobApplication+Extensions.swift */,
				C133F0D72B5A501600AF574C /* CDTestRecord+Extensions.swift */,
			);
			path = "Model extensions";
			sourceTree = "<group>";
		};
		C17C94D42B60D3550009E064 /* JobPosting */ = {
			isa = PBXGroup;
			children = (
				C17C94D22B60CA130009E064 /* GJJobPostingViewModel.swift */,
				C17C94D52B60D36D0009E064 /* GJNewJobPostingViewModel.swift */,
			);
			path = JobPosting;
			sourceTree = "<group>";
		};
		C17C94D72B60E9A50009E064 /* Data Observers */ = {
			isa = PBXGroup;
			children = (
				C17C94DC2B60EEED0009E064 /* GJDataObserver.swift */,
				C17C94DE2B60EFDD0009E064 /* GJJobPositngDataObserver.swift */,
			);
			path = "Data Observers";
			sourceTree = "<group>";
		};
		C19BC52B2B57A3F2004E78F6 /* Presentation */ = {
			isa = PBXGroup;
			children = (
				C1F999E12B5526CB00259FB5 /* Views */,
				C13D9C632B60C70300A8132A /* Models */,
			);
			path = Presentation;
			sourceTree = "<group>";
		};
		C19BC52D2B57A43A004E78F6 /* Business */ = {
			isa = PBXGroup;
			children = (
				C1414DEA2B56696C00EA180F /* Usecase */,
				C19BC5332B57A6A4004E78F6 /* Models */,
				C17C94D72B60E9A50009E064 /* Data Observers */,
				C16765962B5FADF50062ACCC /* Repositories */,
			);
			path = Business;
			sourceTree = "<group>";
		};
		C19BC52E2B57A453004E78F6 /* Data */ = {
			isa = PBXGroup;
			children = (
				C1F999B12B55068E00259FB5 /* GoodJob.xcdatamodeld */,
				C1414DE52B56673900EA180F /* Model controllers */,
				C1704EA42B57F34500146201 /* Model extensions */,
			);
			path = Data;
			sourceTree = "<group>";
		};
		C19BC5332B57A6A4004E78F6 /* Models */ = {
			isa = PBXGroup;
			children = (
				C13D9C652B60C79B00A8132A /* GJUser.swift */,
				C19BC5312B57A67D004E78F6 /* GJJobPosting.swift */,
				C1CFB6362B5945C800515DEA /* GJTest.swift */,
				C133F0DB2B5A6B8A00AF574C /* GJJobApplication.swift */,
				C1DFAEE52B5E4DBC007CACA7 /* GJTestRecord.swift */,
			);
			path = Models;
			sourceTree = "<group>";
		};
		C19BC5362B57CE2C004E78F6 /* Resources */ = {
			isa = PBXGroup;
			children = (
				C1F999B92B55069000259FB5 /* Preview Content */,
				C1F999B62B55069000259FB5 /* Assets.xcassets */,
				C1F999B82B55069000259FB5 /* GoodJob.entitlements */,
			);
			path = Resources;
			sourceTree = "<group>";
		};
		C1A68C472B55414500CE92D4 /* Content */ = {
			isa = PBXGroup;
			children = (
				C1DFAEE42B5E37C8007CACA7 /* Summary */,
				C1052E3D2B5B89D100B27620 /* JobApplication */,
				C1414DE62B5667FE00EA180F /* JobPosting */,
			);
			path = Content;
			sourceTree = "<group>";
		};
		C1DFAEE42B5E37C8007CACA7 /* Summary */ = {
			isa = PBXGroup;
			children = (
				C1E8692D2B558DE800FDD6DA /* SummaryView.swift */,
			);
			path = Summary;
			sourceTree = "<group>";
		};
		C1DFAEE92B5E4EBB007CACA7 /* TestRecord */ = {
			isa = PBXGroup;
			children = (
				C1DFAEE72B5E4EB5007CACA7 /* TestRecordView.swift */,
			);
			path = TestRecord;
			sourceTree = "<group>";
		};
		C1F999A12B55068E00259FB5 = {
			isa = PBXGroup;
			children = (
				C1F999AC2B55068E00259FB5 /* GoodJob */,
				C1F999C32B55069000259FB5 /* GoodJobTests */,
				C1F999CD2B55069000259FB5 /* GoodJobUITests */,
				C1F999AB2B55068E00259FB5 /* Products */,
			);
			sourceTree = "<group>";
		};
		C1F999AB2B55068E00259FB5 /* Products */ = {
			isa = PBXGroup;
			children = (
				C1F999AA2B55068E00259FB5 /* GoodJob.app */,
				C1F999C02B55069000259FB5 /* GoodJobTests.xctest */,
				C1F999CA2B55069000259FB5 /* GoodJobUITests.xctest */,
			);
			name = Products;
			sourceTree = "<group>";
		};
		C1F999AC2B55068E00259FB5 /* GoodJob */ = {
			isa = PBXGroup;
			children = (
				C1F999AD2B55068E00259FB5 /* GoodJobApp.swift */,
				C19BC52B2B57A3F2004E78F6 /* Presentation */,
				C19BC52D2B57A43A004E78F6 /* Business */,
				C19BC52E2B57A453004E78F6 /* Data */,
				C19BC5362B57CE2C004E78F6 /* Resources */,
			);
			path = GoodJob;
			sourceTree = "<group>";
		};
		C1F999B92B55069000259FB5 /* Preview Content */ = {
			isa = PBXGroup;
			children = (
				C1F999BA2B55069000259FB5 /* Preview Assets.xcassets */,
			);
			path = "Preview Content";
			sourceTree = "<group>";
		};
		C1F999C32B55069000259FB5 /* GoodJobTests */ = {
			isa = PBXGroup;
			children = (
				C1F999C42B55069000259FB5 /* GoodJobTests.swift */,
				C167659D2B6002C10062ACCC /* GoodJobPostingTests.swift */,
				C16765972B5FC0BF0062ACCC /* GoodJobUserTests.swift */,
			);
			path = GoodJobTests;
			sourceTree = "<group>";
		};
		C1F999CD2B55069000259FB5 /* GoodJobUITests */ = {
			isa = PBXGroup;
			children = (
				C1F999CE2B55069000259FB5 /* GoodJobUITests.swift */,
				C1F999D02B55069000259FB5 /* GoodJobUITestsLaunchTests.swift */,
			);
			path = GoodJobUITests;
			sourceTree = "<group>";
		};
		C1F999E12B5526CB00259FB5 /* Views */ = {
			isa = PBXGroup;
			children = (
				C1DFAEE22B5E29ED007CACA7 /* MainTabView.swift */,
				C1A68C472B55414500CE92D4 /* Content */,
				C1052E422B5B946300B27620 /* Template */,
			);
			path = Views;
			sourceTree = "<group>";
		};
/* End PBXGroup section */

/* Begin PBXNativeTarget section */
		C1F999A92B55068E00259FB5 /* GoodJob */ = {
			isa = PBXNativeTarget;
			buildConfigurationList = C1F999D42B55069000259FB5 /* Build configuration list for PBXNativeTarget "GoodJob" */;
			buildPhases = (
				C1F999A62B55068E00259FB5 /* Sources */,
				C1F999A72B55068E00259FB5 /* Frameworks */,
				C1F999A82B55068E00259FB5 /* Resources */,
			);
			buildRules = (
			);
			dependencies = (
			);
			name = GoodJob;
			productName = GoodJob;
			productReference = C1F999AA2B55068E00259FB5 /* GoodJob.app */;
			productType = "com.apple.product-type.application";
		};
		C1F999BF2B55069000259FB5 /* GoodJobTests */ = {
			isa = PBXNativeTarget;
			buildConfigurationList = C1F999D72B55069000259FB5 /* Build configuration list for PBXNativeTarget "GoodJobTests" */;
			buildPhases = (
				C1F999BC2B55069000259FB5 /* Sources */,
				C1F999BD2B55069000259FB5 /* Frameworks */,
				C1F999BE2B55069000259FB5 /* Resources */,
			);
			buildRules = (
			);
			dependencies = (
				C1F999C22B55069000259FB5 /* PBXTargetDependency */,
			);
			name = GoodJobTests;
			productName = GoodJobTests;
			productReference = C1F999C02B55069000259FB5 /* GoodJobTests.xctest */;
			productType = "com.apple.product-type.bundle.unit-test";
		};
		C1F999C92B55069000259FB5 /* GoodJobUITests */ = {
			isa = PBXNativeTarget;
			buildConfigurationList = C1F999DA2B55069000259FB5 /* Build configuration list for PBXNativeTarget "GoodJobUITests" */;
			buildPhases = (
				C1F999C62B55069000259FB5 /* Sources */,
				C1F999C72B55069000259FB5 /* Frameworks */,
				C1F999C82B55069000259FB5 /* Resources */,
			);
			buildRules = (
			);
			dependencies = (
				C1F999CC2B55069000259FB5 /* PBXTargetDependency */,
			);
			name = GoodJobUITests;
			productName = GoodJobUITests;
			productReference = C1F999CA2B55069000259FB5 /* GoodJobUITests.xctest */;
			productType = "com.apple.product-type.bundle.ui-testing";
		};
/* End PBXNativeTarget section */

/* Begin PBXProject section */
		C1F999A22B55068E00259FB5 /* Project object */ = {
			isa = PBXProject;
			attributes = {
				BuildIndependentTargetsInParallel = 1;
				LastSwiftUpdateCheck = 1520;
				LastUpgradeCheck = 1520;
				TargetAttributes = {
					C1F999A92B55068E00259FB5 = {
						CreatedOnToolsVersion = 15.2;
					};
					C1F999BF2B55069000259FB5 = {
						CreatedOnToolsVersion = 15.2;
						TestTargetID = C1F999A92B55068E00259FB5;
					};
					C1F999C92B55069000259FB5 = {
						CreatedOnToolsVersion = 15.2;
						TestTargetID = C1F999A92B55068E00259FB5;
					};
				};
			};
			buildConfigurationList = C1F999A52B55068E00259FB5 /* Build configuration list for PBXProject "GoodJob" */;
			compatibilityVersion = "Xcode 14.0";
			developmentRegion = en;
			hasScannedForEncodings = 0;
			knownRegions = (
				en,
				Base,
			);
			mainGroup = C1F999A12B55068E00259FB5;
			productRefGroup = C1F999AB2B55068E00259FB5 /* Products */;
			projectDirPath = "";
			projectRoot = "";
			targets = (
				C1F999A92B55068E00259FB5 /* GoodJob */,
				C1F999BF2B55069000259FB5 /* GoodJobTests */,
				C1F999C92B55069000259FB5 /* GoodJobUITests */,
			);
		};
/* End PBXProject section */

/* Begin PBXResourcesBuildPhase section */
		C1F999A82B55068E00259FB5 /* Resources */ = {
			isa = PBXResourcesBuildPhase;
			buildActionMask = 2147483647;
			files = (
				C1F999BB2B55069000259FB5 /* Preview Assets.xcassets in Resources */,
				C1F999B72B55069000259FB5 /* Assets.xcassets in Resources */,
			);
			runOnlyForDeploymentPostprocessing = 0;
		};
		C1F999BE2B55069000259FB5 /* Resources */ = {
			isa = PBXResourcesBuildPhase;
			buildActionMask = 2147483647;
			files = (
			);
			runOnlyForDeploymentPostprocessing = 0;
		};
		C1F999C82B55069000259FB5 /* Resources */ = {
			isa = PBXResourcesBuildPhase;
			buildActionMask = 2147483647;
			files = (
			);
			runOnlyForDeploymentPostprocessing = 0;
		};
/* End PBXResourcesBuildPhase section */

/* Begin PBXSourcesBuildPhase section */
		C1F999A62B55068E00259FB5 /* Sources */ = {
			isa = PBXSourcesBuildPhase;
			buildActionMask = 2147483647;
			files = (
				C133F0D62B5A4D2B00AF574C /* CDJobApplication+Extensions.swift in Sources */,
				C167659A2B5FD5150062ACCC /* GJJobPostingRepository.swift in Sources */,
				C1DFAEE62B5E4DBC007CACA7 /* GJTestRecord.swift in Sources */,
				C17C94DF2B60EFDD0009E064 /* GJJobPositngDataObserver.swift in Sources */,
				C16765932B5F95980062ACCC /* GJUserRepository.swift in Sources */,
				C16116C62B5D841C003501A4 /* JobApplicationDetailView.swift in Sources */,
				C17498B52B56A9200079927F /* GoodJob.xcdatamodeld in Sources */,
				C167658E2B5F7B420062ACCC /* GJRepository.swift in Sources */,
				C1052E3C2B5B800500B27620 /* JobApplicationsListView.swift in Sources */,
				C17C94DD2B60EEED0009E064 /* GJDataObserver.swift in Sources */,
				C1F999DE2B55202300259FB5 /* GJAppCategory.swift in Sources */,
				C17C94D62B60D36D0009E064 /* GJNewJobPostingViewModel.swift in Sources */,
				C17498B42B56A9070079927F /* JobPostingsListView.swift in Sources */,
				C13D9C672B60C79B00A8132A /* GJUser.swift in Sources */,
				C18037E12B5BA2F0000FFC97 /* DataCreationContainer.swift in Sources */,
				C19BC5322B57A67D004E78F6 /* GJJobPosting.swift in Sources */,
				C13D9C662B60C79B00A8132A /* GJNavigationModel.swift in Sources */,
				C1E8692C2B555B0900FDD6DA /* NewJobPostingView.swift in Sources */,
				C19BC5352B57BA32004E78F6 /* GJJobPostingControlller.swift in Sources */,
				C19BC5302B57A4F3004E78F6 /* GJAppController.swift in Sources */,
				C17EB5852B58EB9800DA9C34 /* CDTest+Extensions.swift in Sources */,
				C1DFAEE32B5E29ED007CACA7 /* MainTabView.swift in Sources */,
				C1F999AE2B55068E00259FB5 /* GoodJobApp.swift in Sources */,
				C17EB5872B58F4FF00DA9C34 /* CDJobPosition+Extensions.swift in Sources */,
				C1CFB6392B598B6400515DEA /* JobPostingDetailView.swift in Sources */,
				C1704EA32B57EF9000146201 /* CDJobPosting+Extensions.swift in Sources */,
				C18037E52B5BABD4000FFC97 /* GJJobApplicationControlller.swift in Sources */,
				C17C94D32B60CA130009E064 /* GJJobPostingViewModel.swift in Sources */,
				C133F0D82B5A501600AF574C /* CDTestRecord+Extensions.swift in Sources */,
				C1F999B02B55068E00259FB5 /* Persistence.swift in Sources */,
				C133F0D42B5A4BB300AF574C /* CDUser+Extensions.swift in Sources */,
				C1CFB6372B5945C800515DEA /* GJTest.swift in Sources */,
				C1052E412B5B945C00B27620 /* DataContainer.swift in Sources */,
				C1704EA12B57EBCD00146201 /* CDCompany+Extensions.swift in Sources */,
				C1155DBB2B601B3C00963004 /* GJTestRepository.swift in Sources */,
				C1E8692E2B558DE800FDD6DA /* SummaryView.swift in Sources */,
				C10655312B5BCFAC008C2A86 /* GJUserSessionController.swift in Sources */,
				C1DFAEE82B5E4EB5007CACA7 /* TestRecordView.swift in Sources */,
				C18037E32B5BA565000FFC97 /* NewJobApplicaitonView.swift in Sources */,
				C133F0DC2B5A6B8A00AF574C /* GJJobApplication.swift in Sources */,
			);
			runOnlyForDeploymentPostprocessing = 0;
		};
		C1F999BC2B55069000259FB5 /* Sources */ = {
			isa = PBXSourcesBuildPhase;
			buildActionMask = 2147483647;
			files = (
				C167659E2B6002C10062ACCC /* GoodJobPostingTests.swift in Sources */,
				C1F999C52B55069000259FB5 /* GoodJobTests.swift in Sources */,
				C16765982B5FC0BF0062ACCC /* GoodJobUserTests.swift in Sources */,
			);
			runOnlyForDeploymentPostprocessing = 0;
		};
		C1F999C62B55069000259FB5 /* Sources */ = {
			isa = PBXSourcesBuildPhase;
			buildActionMask = 2147483647;
			files = (
				C1F999CF2B55069000259FB5 /* GoodJobUITests.swift in Sources */,
				C1F999D12B55069000259FB5 /* GoodJobUITestsLaunchTests.swift in Sources */,
			);
			runOnlyForDeploymentPostprocessing = 0;
		};
/* End PBXSourcesBuildPhase section */

/* Begin PBXTargetDependency section */
		C1F999C22B55069000259FB5 /* PBXTargetDependency */ = {
			isa = PBXTargetDependency;
			target = C1F999A92B55068E00259FB5 /* GoodJob */;
			targetProxy = C1F999C12B55069000259FB5 /* PBXContainerItemProxy */;
		};
		C1F999CC2B55069000259FB5 /* PBXTargetDependency */ = {
			isa = PBXTargetDependency;
			target = C1F999A92B55068E00259FB5 /* GoodJob */;
			targetProxy = C1F999CB2B55069000259FB5 /* PBXContainerItemProxy */;
		};
/* End PBXTargetDependency section */

/* Begin XCBuildConfiguration section */
		C1F999D22B55069000259FB5 /* Debug */ = {
			isa = XCBuildConfiguration;
			buildSettings = {
				ALWAYS_SEARCH_USER_PATHS = NO;
				ASSETCATALOG_COMPILER_GENERATE_SWIFT_ASSET_SYMBOL_EXTENSIONS = YES;
				CLANG_ANALYZER_NONNULL = YES;
				CLANG_ANALYZER_NUMBER_OBJECT_CONVERSION = YES_AGGRESSIVE;
				CLANG_CXX_LANGUAGE_STANDARD = "gnu++20";
				CLANG_ENABLE_MODULES = YES;
				CLANG_ENABLE_OBJC_ARC = YES;
				CLANG_ENABLE_OBJC_WEAK = YES;
				CLANG_WARN_BLOCK_CAPTURE_AUTORELEASING = YES;
				CLANG_WARN_BOOL_CONVERSION = YES;
				CLANG_WARN_COMMA = YES;
				CLANG_WARN_CONSTANT_CONVERSION = YES;
				CLANG_WARN_DEPRECATED_OBJC_IMPLEMENTATIONS = YES;
				CLANG_WARN_DIRECT_OBJC_ISA_USAGE = YES_ERROR;
				CLANG_WARN_DOCUMENTATION_COMMENTS = YES;
				CLANG_WARN_EMPTY_BODY = YES;
				CLANG_WARN_ENUM_CONVERSION = YES;
				CLANG_WARN_INFINITE_RECURSION = YES;
				CLANG_WARN_INT_CONVERSION = YES;
				CLANG_WARN_NON_LITERAL_NULL_CONVERSION = YES;
				CLANG_WARN_OBJC_IMPLICIT_RETAIN_SELF = YES;
				CLANG_WARN_OBJC_LITERAL_CONVERSION = YES;
				CLANG_WARN_OBJC_ROOT_CLASS = YES_ERROR;
				CLANG_WARN_QUOTED_INCLUDE_IN_FRAMEWORK_HEADER = YES;
				CLANG_WARN_RANGE_LOOP_ANALYSIS = YES;
				CLANG_WARN_STRICT_PROTOTYPES = YES;
				CLANG_WARN_SUSPICIOUS_MOVE = YES;
				CLANG_WARN_UNGUARDED_AVAILABILITY = YES_AGGRESSIVE;
				CLANG_WARN_UNREACHABLE_CODE = YES;
				CLANG_WARN__DUPLICATE_METHOD_MATCH = YES;
				COPY_PHASE_STRIP = NO;
				DEBUG_INFORMATION_FORMAT = dwarf;
				ENABLE_STRICT_OBJC_MSGSEND = YES;
				ENABLE_TESTABILITY = YES;
				ENABLE_USER_SCRIPT_SANDBOXING = YES;
				GCC_C_LANGUAGE_STANDARD = gnu17;
				GCC_DYNAMIC_NO_PIC = NO;
				GCC_NO_COMMON_BLOCKS = YES;
				GCC_OPTIMIZATION_LEVEL = 0;
				GCC_PREPROCESSOR_DEFINITIONS = (
					"DEBUG=1",
					"$(inherited)",
				);
				GCC_WARN_64_TO_32_BIT_CONVERSION = YES;
				GCC_WARN_ABOUT_RETURN_TYPE = YES_ERROR;
				GCC_WARN_UNDECLARED_SELECTOR = YES;
				GCC_WARN_UNINITIALIZED_AUTOS = YES_AGGRESSIVE;
				GCC_WARN_UNUSED_FUNCTION = YES;
				GCC_WARN_UNUSED_VARIABLE = YES;
				IPHONEOS_DEPLOYMENT_TARGET = 16.0;
				LOCALIZATION_PREFERS_STRING_CATALOGS = YES;
				MACOSX_DEPLOYMENT_TARGET = 13.0;
				MTL_ENABLE_DEBUG_INFO = INCLUDE_SOURCE;
				MTL_FAST_MATH = YES;
				ONLY_ACTIVE_ARCH = YES;
				SWIFT_ACTIVE_COMPILATION_CONDITIONS = "DEBUG $(inherited)";
				SWIFT_OPTIMIZATION_LEVEL = "-Onone";
			};
			name = Debug;
		};
		C1F999D32B55069000259FB5 /* Release */ = {
			isa = XCBuildConfiguration;
			buildSettings = {
				ALWAYS_SEARCH_USER_PATHS = NO;
				ASSETCATALOG_COMPILER_GENERATE_SWIFT_ASSET_SYMBOL_EXTENSIONS = YES;
				CLANG_ANALYZER_NONNULL = YES;
				CLANG_ANALYZER_NUMBER_OBJECT_CONVERSION = YES_AGGRESSIVE;
				CLANG_CXX_LANGUAGE_STANDARD = "gnu++20";
				CLANG_ENABLE_MODULES = YES;
				CLANG_ENABLE_OBJC_ARC = YES;
				CLANG_ENABLE_OBJC_WEAK = YES;
				CLANG_WARN_BLOCK_CAPTURE_AUTORELEASING = YES;
				CLANG_WARN_BOOL_CONVERSION = YES;
				CLANG_WARN_COMMA = YES;
				CLANG_WARN_CONSTANT_CONVERSION = YES;
				CLANG_WARN_DEPRECATED_OBJC_IMPLEMENTATIONS = YES;
				CLANG_WARN_DIRECT_OBJC_ISA_USAGE = YES_ERROR;
				CLANG_WARN_DOCUMENTATION_COMMENTS = YES;
				CLANG_WARN_EMPTY_BODY = YES;
				CLANG_WARN_ENUM_CONVERSION = YES;
				CLANG_WARN_INFINITE_RECURSION = YES;
				CLANG_WARN_INT_CONVERSION = YES;
				CLANG_WARN_NON_LITERAL_NULL_CONVERSION = YES;
				CLANG_WARN_OBJC_IMPLICIT_RETAIN_SELF = YES;
				CLANG_WARN_OBJC_LITERAL_CONVERSION = YES;
				CLANG_WARN_OBJC_ROOT_CLASS = YES_ERROR;
				CLANG_WARN_QUOTED_INCLUDE_IN_FRAMEWORK_HEADER = YES;
				CLANG_WARN_RANGE_LOOP_ANALYSIS = YES;
				CLANG_WARN_STRICT_PROTOTYPES = YES;
				CLANG_WARN_SUSPICIOUS_MOVE = YES;
				CLANG_WARN_UNGUARDED_AVAILABILITY = YES_AGGRESSIVE;
				CLANG_WARN_UNREACHABLE_CODE = YES;
				CLANG_WARN__DUPLICATE_METHOD_MATCH = YES;
				COPY_PHASE_STRIP = NO;
				DEBUG_INFORMATION_FORMAT = "dwarf-with-dsym";
				ENABLE_NS_ASSERTIONS = NO;
				ENABLE_STRICT_OBJC_MSGSEND = YES;
				ENABLE_USER_SCRIPT_SANDBOXING = YES;
				GCC_C_LANGUAGE_STANDARD = gnu17;
				GCC_NO_COMMON_BLOCKS = YES;
				GCC_WARN_64_TO_32_BIT_CONVERSION = YES;
				GCC_WARN_ABOUT_RETURN_TYPE = YES_ERROR;
				GCC_WARN_UNDECLARED_SELECTOR = YES;
				GCC_WARN_UNINITIALIZED_AUTOS = YES_AGGRESSIVE;
				GCC_WARN_UNUSED_FUNCTION = YES;
				GCC_WARN_UNUSED_VARIABLE = YES;
				IPHONEOS_DEPLOYMENT_TARGET = 16.0;
				LOCALIZATION_PREFERS_STRING_CATALOGS = YES;
				MACOSX_DEPLOYMENT_TARGET = 13.0;
				MTL_ENABLE_DEBUG_INFO = NO;
				MTL_FAST_MATH = YES;
				SWIFT_COMPILATION_MODE = wholemodule;
			};
			name = Release;
		};
		C1F999D52B55069000259FB5 /* Debug */ = {
			isa = XCBuildConfiguration;
			buildSettings = {
				ASSETCATALOG_COMPILER_APPICON_NAME = AppIcon;
				ASSETCATALOG_COMPILER_GLOBAL_ACCENT_COLOR_NAME = AccentColor;
				CODE_SIGN_ENTITLEMENTS = GoodJob/Resources/GoodJob.entitlements;
				CODE_SIGN_STYLE = Automatic;
				CURRENT_PROJECT_VERSION = 1;
				DEVELOPMENT_ASSET_PATHS = "\"GoodJob/Resources/Preview Content\"";
				DEVELOPMENT_TEAM = MLY2NY4CXP;
				ENABLE_HARDENED_RUNTIME = YES;
				ENABLE_PREVIEWS = YES;
				GENERATE_INFOPLIST_FILE = YES;
				INFOPLIST_KEY_CFBundleDisplayName = GoodJob;
				INFOPLIST_KEY_LSApplicationCategoryType = "public.app-category.productivity";
				"INFOPLIST_KEY_UIApplicationSceneManifest_Generation[sdk=iphoneos*]" = YES;
				"INFOPLIST_KEY_UIApplicationSceneManifest_Generation[sdk=iphonesimulator*]" = YES;
				"INFOPLIST_KEY_UIApplicationSupportsIndirectInputEvents[sdk=iphoneos*]" = YES;
				"INFOPLIST_KEY_UIApplicationSupportsIndirectInputEvents[sdk=iphonesimulator*]" = YES;
				"INFOPLIST_KEY_UILaunchScreen_Generation[sdk=iphoneos*]" = YES;
				"INFOPLIST_KEY_UILaunchScreen_Generation[sdk=iphonesimulator*]" = YES;
				"INFOPLIST_KEY_UIStatusBarStyle[sdk=iphoneos*]" = UIStatusBarStyleDefault;
				"INFOPLIST_KEY_UIStatusBarStyle[sdk=iphonesimulator*]" = UIStatusBarStyleDefault;
				INFOPLIST_KEY_UISupportedInterfaceOrientations_iPad = "UIInterfaceOrientationPortrait UIInterfaceOrientationPortraitUpsideDown UIInterfaceOrientationLandscapeLeft UIInterfaceOrientationLandscapeRight";
				INFOPLIST_KEY_UISupportedInterfaceOrientations_iPhone = "UIInterfaceOrientationPortrait UIInterfaceOrientationLandscapeLeft UIInterfaceOrientationLandscapeRight";
				IPHONEOS_DEPLOYMENT_TARGET = 16.0;
				LD_RUNPATH_SEARCH_PATHS = "@executable_path/Frameworks";
				"LD_RUNPATH_SEARCH_PATHS[sdk=macosx*]" = "@executable_path/../Frameworks";
				MACOSX_DEPLOYMENT_TARGET = 13.0;
				MARKETING_VERSION = 1.0;
				PRODUCT_BUNDLE_IDENTIFIER = com.tistory.singularis7.GoodJob;
				PRODUCT_NAME = "$(TARGET_NAME)";
				SDKROOT = auto;
				SUPPORTED_PLATFORMS = "iphoneos iphonesimulator macosx";
				SWIFT_EMIT_LOC_STRINGS = YES;
				SWIFT_VERSION = 5.0;
				TARGETED_DEVICE_FAMILY = "1,2";
			};
			name = Debug;
		};
		C1F999D62B55069000259FB5 /* Release */ = {
			isa = XCBuildConfiguration;
			buildSettings = {
				ASSETCATALOG_COMPILER_APPICON_NAME = AppIcon;
				ASSETCATALOG_COMPILER_GLOBAL_ACCENT_COLOR_NAME = AccentColor;
				CODE_SIGN_ENTITLEMENTS = GoodJob/Resources/GoodJob.entitlements;
				CODE_SIGN_STYLE = Automatic;
				CURRENT_PROJECT_VERSION = 1;
				DEVELOPMENT_ASSET_PATHS = "\"GoodJob/Resources/Preview Content\"";
				DEVELOPMENT_TEAM = MLY2NY4CXP;
				ENABLE_HARDENED_RUNTIME = YES;
				ENABLE_PREVIEWS = YES;
				GENERATE_INFOPLIST_FILE = YES;
				INFOPLIST_KEY_CFBundleDisplayName = GoodJob;
				INFOPLIST_KEY_LSApplicationCategoryType = "public.app-category.productivity";
				"INFOPLIST_KEY_UIApplicationSceneManifest_Generation[sdk=iphoneos*]" = YES;
				"INFOPLIST_KEY_UIApplicationSceneManifest_Generation[sdk=iphonesimulator*]" = YES;
				"INFOPLIST_KEY_UIApplicationSupportsIndirectInputEvents[sdk=iphoneos*]" = YES;
				"INFOPLIST_KEY_UIApplicationSupportsIndirectInputEvents[sdk=iphonesimulator*]" = YES;
				"INFOPLIST_KEY_UILaunchScreen_Generation[sdk=iphoneos*]" = YES;
				"INFOPLIST_KEY_UILaunchScreen_Generation[sdk=iphonesimulator*]" = YES;
				"INFOPLIST_KEY_UIStatusBarStyle[sdk=iphoneos*]" = UIStatusBarStyleDefault;
				"INFOPLIST_KEY_UIStatusBarStyle[sdk=iphonesimulator*]" = UIStatusBarStyleDefault;
				INFOPLIST_KEY_UISupportedInterfaceOrientations_iPad = "UIInterfaceOrientationPortrait UIInterfaceOrientationPortraitUpsideDown UIInterfaceOrientationLandscapeLeft UIInterfaceOrientationLandscapeRight";
				INFOPLIST_KEY_UISupportedInterfaceOrientations_iPhone = "UIInterfaceOrientationPortrait UIInterfaceOrientationLandscapeLeft UIInterfaceOrientationLandscapeRight";
				IPHONEOS_DEPLOYMENT_TARGET = 16.0;
				LD_RUNPATH_SEARCH_PATHS = "@executable_path/Frameworks";
				"LD_RUNPATH_SEARCH_PATHS[sdk=macosx*]" = "@executable_path/../Frameworks";
				MACOSX_DEPLOYMENT_TARGET = 13.0;
				MARKETING_VERSION = 1.0;
				PRODUCT_BUNDLE_IDENTIFIER = com.tistory.singularis7.GoodJob;
				PRODUCT_NAME = "$(TARGET_NAME)";
				SDKROOT = auto;
				SUPPORTED_PLATFORMS = "iphoneos iphonesimulator macosx";
				SWIFT_EMIT_LOC_STRINGS = YES;
				SWIFT_VERSION = 5.0;
				TARGETED_DEVICE_FAMILY = "1,2";
			};
			name = Release;
		};
		C1F999D82B55069000259FB5 /* Debug */ = {
			isa = XCBuildConfiguration;
			buildSettings = {
				ALWAYS_EMBED_SWIFT_STANDARD_LIBRARIES = YES;
				BUNDLE_LOADER = "$(TEST_HOST)";
				CODE_SIGN_STYLE = Automatic;
				CURRENT_PROJECT_VERSION = 1;
				DEVELOPMENT_TEAM = MLY2NY4CXP;
				GENERATE_INFOPLIST_FILE = YES;
				IPHONEOS_DEPLOYMENT_TARGET = 16.0;
				MACOSX_DEPLOYMENT_TARGET = 13.0;
				MARKETING_VERSION = 1.0;
				PRODUCT_BUNDLE_IDENTIFIER = com.tistory.singularis7.GoodJobTests;
				PRODUCT_NAME = "$(TARGET_NAME)";
				SDKROOT = auto;
				SUPPORTED_PLATFORMS = "iphoneos iphonesimulator macosx";
				SWIFT_EMIT_LOC_STRINGS = NO;
				SWIFT_VERSION = 5.0;
				TARGETED_DEVICE_FAMILY = "1,2";
				TEST_HOST = "$(BUILT_PRODUCTS_DIR)/GoodJob.app/$(BUNDLE_EXECUTABLE_FOLDER_PATH)/GoodJob";
			};
			name = Debug;
		};
		C1F999D92B55069000259FB5 /* Release */ = {
			isa = XCBuildConfiguration;
			buildSettings = {
				ALWAYS_EMBED_SWIFT_STANDARD_LIBRARIES = YES;
				BUNDLE_LOADER = "$(TEST_HOST)";
				CODE_SIGN_STYLE = Automatic;
				CURRENT_PROJECT_VERSION = 1;
				DEVELOPMENT_TEAM = MLY2NY4CXP;
				GENERATE_INFOPLIST_FILE = YES;
				IPHONEOS_DEPLOYMENT_TARGET = 16.0;
				MACOSX_DEPLOYMENT_TARGET = 13.0;
				MARKETING_VERSION = 1.0;
				PRODUCT_BUNDLE_IDENTIFIER = com.tistory.singularis7.GoodJobTests;
				PRODUCT_NAME = "$(TARGET_NAME)";
				SDKROOT = auto;
				SUPPORTED_PLATFORMS = "iphoneos iphonesimulator macosx";
				SWIFT_EMIT_LOC_STRINGS = NO;
				SWIFT_VERSION = 5.0;
				TARGETED_DEVICE_FAMILY = "1,2";
				TEST_HOST = "$(BUILT_PRODUCTS_DIR)/GoodJob.app/$(BUNDLE_EXECUTABLE_FOLDER_PATH)/GoodJob";
			};
			name = Release;
		};
		C1F999DB2B55069000259FB5 /* Debug */ = {
			isa = XCBuildConfiguration;
			buildSettings = {
				ALWAYS_EMBED_SWIFT_STANDARD_LIBRARIES = YES;
				CODE_SIGN_STYLE = Automatic;
				CURRENT_PROJECT_VERSION = 1;
				DEVELOPMENT_TEAM = MLY2NY4CXP;
				GENERATE_INFOPLIST_FILE = YES;
				IPHONEOS_DEPLOYMENT_TARGET = 16.0;
				MACOSX_DEPLOYMENT_TARGET = 13.0;
				MARKETING_VERSION = 1.0;
				PRODUCT_BUNDLE_IDENTIFIER = com.tistory.singularis7.GoodJobUITests;
				PRODUCT_NAME = "$(TARGET_NAME)";
				SDKROOT = auto;
				SUPPORTED_PLATFORMS = "iphoneos iphonesimulator macosx";
				SWIFT_EMIT_LOC_STRINGS = NO;
				SWIFT_VERSION = 5.0;
				TARGETED_DEVICE_FAMILY = "1,2";
				TEST_TARGET_NAME = GoodJob;
			};
			name = Debug;
		};
		C1F999DC2B55069000259FB5 /* Release */ = {
			isa = XCBuildConfiguration;
			buildSettings = {
				ALWAYS_EMBED_SWIFT_STANDARD_LIBRARIES = YES;
				CODE_SIGN_STYLE = Automatic;
				CURRENT_PROJECT_VERSION = 1;
				DEVELOPMENT_TEAM = MLY2NY4CXP;
				GENERATE_INFOPLIST_FILE = YES;
				IPHONEOS_DEPLOYMENT_TARGET = 16.0;
				MACOSX_DEPLOYMENT_TARGET = 13.0;
				MARKETING_VERSION = 1.0;
				PRODUCT_BUNDLE_IDENTIFIER = com.tistory.singularis7.GoodJobUITests;
				PRODUCT_NAME = "$(TARGET_NAME)";
				SDKROOT = auto;
				SUPPORTED_PLATFORMS = "iphoneos iphonesimulator macosx";
				SWIFT_EMIT_LOC_STRINGS = NO;
				SWIFT_VERSION = 5.0;
				TARGETED_DEVICE_FAMILY = "1,2";
				TEST_TARGET_NAME = GoodJob;
			};
			name = Release;
		};
/* End XCBuildConfiguration section */

/* Begin XCConfigurationList section */
		C1F999A52B55068E00259FB5 /* Build configuration list for PBXProject "GoodJob" */ = {
			isa = XCConfigurationList;
			buildConfigurations = (
				C1F999D22B55069000259FB5 /* Debug */,
				C1F999D32B55069000259FB5 /* Release */,
			);
			defaultConfigurationIsVisible = 0;
			defaultConfigurationName = Release;
		};
		C1F999D42B55069000259FB5 /* Build configuration list for PBXNativeTarget "GoodJob" */ = {
			isa = XCConfigurationList;
			buildConfigurations = (
				C1F999D52B55069000259FB5 /* Debug */,
				C1F999D62B55069000259FB5 /* Release */,
			);
			defaultConfigurationIsVisible = 0;
			defaultConfigurationName = Release;
		};
		C1F999D72B55069000259FB5 /* Build configuration list for PBXNativeTarget "GoodJobTests" */ = {
			isa = XCConfigurationList;
			buildConfigurations = (
				C1F999D82B55069000259FB5 /* Debug */,
				C1F999D92B55069000259FB5 /* Release */,
			);
			defaultConfigurationIsVisible = 0;
			defaultConfigurationName = Release;
		};
		C1F999DA2B55069000259FB5 /* Build configuration list for PBXNativeTarget "GoodJobUITests" */ = {
			isa = XCConfigurationList;
			buildConfigurations = (
				C1F999DB2B55069000259FB5 /* Debug */,
				C1F999DC2B55069000259FB5 /* Release */,
			);
			defaultConfigurationIsVisible = 0;
			defaultConfigurationName = Release;
		};
/* End XCConfigurationList section */

/* Begin XCVersionGroup section */
		C1F999B12B55068E00259FB5 /* GoodJob.xcdatamodeld */ = {
			isa = XCVersionGroup;
			children = (
				C1F999B22B55068E00259FB5 /* GoodJob.xcdatamodel */,
			);
			currentVersion = C1F999B22B55068E00259FB5 /* GoodJob.xcdatamodel */;
			path = GoodJob.xcdatamodeld;
			sourceTree = "<group>";
			versionGroupType = wrapper.xcdatamodel;
		};
/* End XCVersionGroup section */
	};
	rootObject = C1F999A22B55068E00259FB5 /* Project object */;
}
